
Microsoft Visual Studio Solution File, Format Version 12.00
# Visual Studio Version 17
VisualStudioVersion = 17.9.34701.34
MinimumVisualStudioVersion = 10.0.40219.1
Project("{FAE04EC0-301F-11D3-BF4B-00C04F79EFBC}") = "11.09 HW task 7", "11.09 HW task 7.csproj", "{6FF73B59-ECA6-40AC-A582-1ED9C933B12B}"
EndProject
Global
	GlobalSection(SolutionConfigurationPlatforms) = preSolution
		Debug|Any CPU = Debug|Any CPU
		Release|Any CPU = Release|Any CPU
	EndGlobalSection
	GlobalSection(ProjectConfigurationPlatforms) = postSolution
		{6FF73B59-ECA6-40AC-A582-1ED9C933B12B}.Debug|Any CPU.ActiveCfg = Debug|Any CPU
		{6FF73B59-ECA6-40AC-A582-1ED9C933B12B}.Debug|Any CPU.Build.0 = Debug|Any CPU
		{6FF73B59-ECA6-40AC-A582-1ED9C933B12B}.Release|Any CPU.ActiveCfg = Release|Any CPU
		{6FF73B59-ECA6-40AC-A582-1ED9C933B12B}.Release|Any CPU.Build.0 = Release|Any CPU
	EndGlobalSection
	GlobalSection(SolutionProperties) = preSolution
		HideSolutionNode = FALSE
	EndGlobalSection
	GlobalSection(ExtensibilityGlobals) = postSolution
		SolutionGuid = {0828B459-C66E-4F97-9A02-16AEB151C3CB}
	EndGlobalSection
EndGlobal
